
Microsoft Visual Studio Solution File, Format Version 12.00
# Visual Studio Version 17
VisualStudioVersion = 17.2.32602.215
MinimumVisualStudioVersion = 10.0.40219.1
Project("{FAE04EC0-301F-11D3-BF4B-00C04F79EFBC}") = "ApptemaLivre", "ApptemaLivre\ApptemaLivre.csproj", "{C65F973B-16F0-4ADB-B8F4-1F44C08B04D1}"
EndProject
Global
	GlobalSection(SolutionConfigurationPlatforms) = preSolution
		Debug|Any CPU = Debug|Any CPU
		Release|Any CPU = Release|Any CPU
	EndGlobalSection
	GlobalSection(ProjectConfigurationPlatforms) = postSolution
		{C65F973B-16F0-4ADB-B8F4-1F44C08B04D1}.Debug|Any CPU.ActiveCfg = Debug|Any CPU
		{C65F973B-16F0-4ADB-B8F4-1F44C08B04D1}.Debug|Any CPU.Build.0 = Debug|Any CPU
		{C65F973B-16F0-4ADB-B8F4-1F44C08B04D1}.Release|Any CPU.ActiveCfg = Release|Any CPU
		{C65F973B-16F0-4ADB-B8F4-1F44C08B04D1}.Release|Any CPU.Build.0 = Release|Any CPU
	EndGlobalSection
	GlobalSection(SolutionProperties) = preSolution
		HideSolutionNode = FALSE
	EndGlobalSection
	GlobalSection(ExtensibilityGlobals) = postSolution
		SolutionGuid = {EABEA333-99B7-4342-A50E-3B5A21DF3A42}
	EndGlobalSection
EndGlobal
